{
    "_readme": [
        "This file locks the dependencies of your project to a known state",
        "Read more about it at https://getcomposer.org/doc/01-basic-usage.md#installing-dependencies",
        "This file is @generated automatically"
    ],
    "content-hash": "276fccadb1ead59d7e392766e41cfefb",
    "packages": [
        {
            "name": "capsule/di",
            "version": "3.4.0",
            "source": {
                "type": "git",
                "url": "https://github.com/capsulephp/di.git",
                "reference": "eed36977776e5d6884dbe13967a60f7264214cbc"
            },
            "dist": {
                "type": "zip",
                "url": "https://api.github.com/repos/capsulephp/di/zipball/eed36977776e5d6884dbe13967a60f7264214cbc",
                "reference": "eed36977776e5d6884dbe13967a60f7264214cbc",
                "shasum": ""
            },
            "require": {
                "php": "^8.0",
                "psr/container": "^2.0"
            },
            "provide": {
                "psr/container-implementation": "1.0.0"
            },
            "require-dev": {
                "pds/skeleton": "^1.0",
                "phpstan/phpstan": "^1.0",
                "phpunit/phpunit": "^9.0"
            },
            "type": "library",
            "autoload": {
                "psr-4": {
                    "Capsule\\Di\\": "src/"
                }
            },
            "notification-url": "https://packagist.org/downloads/",
            "license": [
                "MIT"
            ],
            "authors": [
                {
                    "name": "Paul M. Jones",
                    "email": "pmjones@pmjones.io"
                }
            ],
            "description": "A PSR-11 compliant autowiring dependency injection container.",
            "keywords": [
                "container",
                "dependency",
                "dependency injection",
                "di",
                "injection",
                "inversion of control",
                "ioc"
            ],
            "support": {
                "issues": "https://github.com/capsulephp/di/issues",
                "source": "https://github.com/capsulephp/di/tree/3.4.0"
            },
            "time": "2022-01-01T14:57:51+00:00"
        },
        {
            "name": "doctrine/annotations",
            "version": "1.13.2",
            "source": {
                "type": "git",
                "url": "https://github.com/doctrine/annotations.git",
                "reference": "5b668aef16090008790395c02c893b1ba13f7e08"
            },
            "dist": {
                "type": "zip",
                "url": "https://api.github.com/repos/doctrine/annotations/zipball/5b668aef16090008790395c02c893b1ba13f7e08",
                "reference": "5b668aef16090008790395c02c893b1ba13f7e08",
                "shasum": ""
            },
            "require": {
                "doctrine/lexer": "1.*",
                "ext-tokenizer": "*",
                "php": "^7.1 || ^8.0",
                "psr/cache": "^1 || ^2 || ^3"
            },
            "require-dev": {
                "doctrine/cache": "^1.11 || ^2.0",
                "doctrine/coding-standard": "^6.0 || ^8.1",
                "phpstan/phpstan": "^0.12.20",
                "phpunit/phpunit": "^7.5 || ^8.0 || ^9.1.5",
                "symfony/cache": "^4.4 || ^5.2"
            },
            "type": "library",
            "autoload": {
                "psr-4": {
                    "Doctrine\\Common\\Annotations\\": "lib/Doctrine/Common/Annotations"
                }
            },
            "notification-url": "https://packagist.org/downloads/",
            "license": [
                "MIT"
            ],
            "authors": [
                {
                    "name": "Guilherme Blanco",
                    "email": "guilhermeblanco@gmail.com"
                },
                {
                    "name": "Roman Borschel",
                    "email": "roman@code-factory.org"
                },
                {
                    "name": "Benjamin Eberlei",
                    "email": "kontakt@beberlei.de"
                },
                {
                    "name": "Jonathan Wage",
                    "email": "jonwage@gmail.com"
                },
                {
                    "name": "Johannes Schmitt",
                    "email": "schmittjoh@gmail.com"
                }
            ],
            "description": "Docblock Annotations Parser",
            "homepage": "https://www.doctrine-project.org/projects/annotations.html",
            "keywords": [
                "annotations",
                "docblock",
                "parser"
            ],
            "support": {
                "issues": "https://github.com/doctrine/annotations/issues",
                "source": "https://github.com/doctrine/annotations/tree/1.13.2"
            },
            "time": "2021-08-05T19:00:23+00:00"
        },
        {
            "name": "doctrine/cache",
            "version": "2.1.1",
            "source": {
                "type": "git",
                "url": "https://github.com/doctrine/cache.git",
                "reference": "331b4d5dbaeab3827976273e9356b3b453c300ce"
            },
            "dist": {
                "type": "zip",
                "url": "https://api.github.com/repos/doctrine/cache/zipball/331b4d5dbaeab3827976273e9356b3b453c300ce",
                "reference": "331b4d5dbaeab3827976273e9356b3b453c300ce",
                "shasum": ""
            },
            "require": {
                "php": "~7.1 || ^8.0"
            },
            "conflict": {
                "doctrine/common": ">2.2,<2.4"
            },
            "require-dev": {
                "alcaeus/mongo-php-adapter": "^1.1",
                "cache/integration-tests": "dev-master",
                "doctrine/coding-standard": "^8.0",
                "mongodb/mongodb": "^1.1",
                "phpunit/phpunit": "^7.0 || ^8.0 || ^9.0",
                "predis/predis": "~1.0",
                "psr/cache": "^1.0 || ^2.0 || ^3.0",
                "symfony/cache": "^4.4 || ^5.2 || ^6.0@dev",
                "symfony/var-exporter": "^4.4 || ^5.2 || ^6.0@dev"
            },
            "suggest": {
                "alcaeus/mongo-php-adapter": "Required to use legacy MongoDB driver"
            },
            "type": "library",
            "autoload": {
                "psr-4": {
                    "Doctrine\\Common\\Cache\\": "lib/Doctrine/Common/Cache"
                }
            },
            "notification-url": "https://packagist.org/downloads/",
            "license": [
                "MIT"
            ],
            "authors": [
                {
                    "name": "Guilherme Blanco",
                    "email": "guilhermeblanco@gmail.com"
                },
                {
                    "name": "Roman Borschel",
                    "email": "roman@code-factory.org"
                },
                {
                    "name": "Benjamin Eberlei",
                    "email": "kontakt@beberlei.de"
                },
                {
                    "name": "Jonathan Wage",
                    "email": "jonwage@gmail.com"
                },
                {
                    "name": "Johannes Schmitt",
                    "email": "schmittjoh@gmail.com"
                }
            ],
            "description": "PHP Doctrine Cache library is a popular cache implementation that supports many different drivers such as redis, memcache, apc, mongodb and others.",
            "homepage": "https://www.doctrine-project.org/projects/cache.html",
            "keywords": [
                "abstraction",
                "apcu",
                "cache",
                "caching",
                "couchdb",
                "memcached",
                "php",
                "redis",
                "xcache"
            ],
            "support": {
                "issues": "https://github.com/doctrine/cache/issues",
                "source": "https://github.com/doctrine/cache/tree/2.1.1"
            },
            "funding": [
                {
                    "url": "https://www.doctrine-project.org/sponsorship.html",
                    "type": "custom"
                },
                {
                    "url": "https://www.patreon.com/phpdoctrine",
                    "type": "patreon"
                },
                {
                    "url": "https://tidelift.com/funding/github/packagist/doctrine%2Fcache",
                    "type": "tidelift"
                }
            ],
            "time": "2021-07-17T14:49:29+00:00"
        },
        {
            "name": "doctrine/lexer",
            "version": "1.2.2",
            "source": {
                "type": "git",
                "url": "https://github.com/doctrine/lexer.git",
                "reference": "9c50f840f257bbb941e6f4a0e94ccf5db5c3f76c"
            },
            "dist": {
                "type": "zip",
                "url": "https://api.github.com/repos/doctrine/lexer/zipball/9c50f840f257bbb941e6f4a0e94ccf5db5c3f76c",
                "reference": "9c50f840f257bbb941e6f4a0e94ccf5db5c3f76c",
                "shasum": ""
            },
            "require": {
                "php": "^7.1 || ^8.0"
            },
            "require-dev": {
                "doctrine/coding-standard": "^9.0",
                "phpstan/phpstan": "1.3",
                "phpunit/phpunit": "^7.5 || ^8.5 || ^9.5",
                "vimeo/psalm": "^4.11"
            },
            "type": "library",
            "autoload": {
                "psr-4": {
                    "Doctrine\\Common\\Lexer\\": "lib/Doctrine/Common/Lexer"
                }
            },
            "notification-url": "https://packagist.org/downloads/",
            "license": [
                "MIT"
            ],
            "authors": [
                {
                    "name": "Guilherme Blanco",
                    "email": "guilhermeblanco@gmail.com"
                },
                {
                    "name": "Roman Borschel",
                    "email": "roman@code-factory.org"
                },
                {
                    "name": "Johannes Schmitt",
                    "email": "schmittjoh@gmail.com"
                }
            ],
            "description": "PHP Doctrine Lexer parser library that can be used in Top-Down, Recursive Descent Parsers.",
            "homepage": "https://www.doctrine-project.org/projects/lexer.html",
            "keywords": [
                "annotations",
                "docblock",
                "lexer",
                "parser",
                "php"
            ],
            "support": {
                "issues": "https://github.com/doctrine/lexer/issues",
                "source": "https://github.com/doctrine/lexer/tree/1.2.2"
            },
            "funding": [
                {
                    "url": "https://www.doctrine-project.org/sponsorship.html",
                    "type": "custom"
                },
                {
                    "url": "https://www.patreon.com/phpdoctrine",
                    "type": "patreon"
                },
                {
                    "url": "https://tidelift.com/funding/github/packagist/doctrine%2Flexer",
                    "type": "tidelift"
                }
            ],
            "time": "2022-01-12T08:27:12+00:00"
        },
        {
            "name": "koriym/attributes",
            "version": "1.0.3",
            "source": {
                "type": "git",
                "url": "https://github.com/koriym/Koriym.Attributes.git",
                "reference": "4aa657842dd5929cac25f241b441c0c4ddc9bc10"
            },
            "dist": {
                "type": "zip",
                "url": "https://api.github.com/repos/koriym/Koriym.Attributes/zipball/4aa657842dd5929cac25f241b441c0c4ddc9bc10",
                "reference": "4aa657842dd5929cac25f241b441c0c4ddc9bc10",
                "shasum": ""
            },
            "require": {
                "doctrine/annotations": "^1.11",
                "php": "^7.3 || ^8.0"
            },
            "require-dev": {
                "bamarni/composer-bin-plugin": "^1.4",
                "ext-pdo": "*",
                "phpunit/phpunit": "^9.5"
            },
            "type": "library",
            "autoload": {
                "psr-4": {
                    "Koriym\\Attributes\\": "src"
                }
            },
            "notification-url": "https://packagist.org/downloads/",
            "license": [
                "MIT"
            ],
            "authors": [
                {
                    "name": "Akihito Koriyama",
                    "email": "akihito.koriyama@gmail.com"
                }
            ],
            "description": "An annotation/attribute reader",
            "keywords": [
                "annotation",
                "attribute"
            ],
            "support": {
                "issues": "https://github.com/koriym/Koriym.Attributes/issues",
                "source": "https://github.com/koriym/Koriym.Attributes/tree/1.0.3"
            },
            "time": "2021-07-15T00:29:14+00:00"
        },
        {
            "name": "koriym/null-object",
            "version": "1.0.0",
            "source": {
                "type": "git",
                "url": "https://github.com/koriym/Koriym.NullObject.git",
                "reference": "94d51ab4caee7128b3f36a4658898e483a1ce4a7"
            },
            "dist": {
                "type": "zip",
                "url": "https://api.github.com/repos/koriym/Koriym.NullObject/zipball/94d51ab4caee7128b3f36a4658898e483a1ce4a7",
                "reference": "94d51ab4caee7128b3f36a4658898e483a1ce4a7",
                "shasum": ""
            },
            "require": {
                "php": "^7.2 || ^8.0"
            },
            "require-dev": {
                "bamarni/composer-bin-plugin": "^1.4",
                "doctrine/annotations": "^1.11",
                "phpunit/phpunit": "^9.5"
            },
            "type": "library",
            "autoload": {
                "files": [
                    "autoload.php"
                ],
                "psr-4": {
                    "Koriym\\NullObject\\": "src/"
                }
            },
            "notification-url": "https://packagist.org/downloads/",
            "license": [
                "MIT"
            ],
            "authors": [
                {
                    "name": "Akihito Koriyama",
                    "email": "akihito.koriyama@gmail.com"
                }
            ],
            "description": "Null object generator",
            "support": {
                "issues": "https://github.com/koriym/Koriym.NullObject/issues",
                "source": "https://github.com/koriym/Koriym.NullObject/tree/1.0.0"
            },
            "time": "2021-08-13T09:04:28+00:00"
        },
        {
            "name": "koriym/printo",
            "version": "1.0.1",
            "source": {
                "type": "git",
                "url": "https://github.com/koriym/print_o.git",
                "reference": "d969e4cc738a376d479c2125e7d62be88cfa9dbe"
            },
            "dist": {
                "type": "zip",
                "url": "https://api.github.com/repos/koriym/print_o/zipball/d969e4cc738a376d479c2125e7d62be88cfa9dbe",
                "reference": "d969e4cc738a376d479c2125e7d62be88cfa9dbe",
                "shasum": ""
            },
            "require": {
                "php": ">=5.4.0"
            },
            "type": "library",
            "extra": {
                "branch-alias": {
                    "dev-master": "1.0.x-dev"
                }
            },
            "autoload": {
                "files": [
                    "src/print_o.php"
                ],
                "psr-4": {
                    "Koriym\\Printo\\": "src/"
                }
            },
            "notification-url": "https://packagist.org/downloads/",
            "license": [
                "BSD-3-Clause"
            ],
            "authors": [
                {
                    "name": "Akihito Koriyama",
                    "email": "akihito.koriyama@gmail.com",
                    "homepage": "https://github.com/koriym"
                }
            ],
            "description": "An object graph visualizer.",
            "homepage": "https://github.com/koriym/print_o",
            "keywords": [
                "debug",
                "var_dump"
            ],
            "support": {
                "issues": "https://github.com/koriym/print_o/issues",
                "source": "https://github.com/koriym/print_o/tree/develop"
            },
            "time": "2015-02-13T19:04:21+00:00"
        },
        {
            "name": "league/container",
            "version": "4.2.0",
            "source": {
                "type": "git",
                "url": "https://github.com/thephpleague/container.git",
                "reference": "375d13cb828649599ef5d48a339c4af7a26cd0ab"
            },
            "dist": {
                "type": "zip",
                "url": "https://api.github.com/repos/thephpleague/container/zipball/375d13cb828649599ef5d48a339c4af7a26cd0ab",
                "reference": "375d13cb828649599ef5d48a339c4af7a26cd0ab",
                "shasum": ""
            },
            "require": {
                "php": "^7.2 || ^8.0",
                "psr/container": "^1.1 || ^2.0"
            },
            "provide": {
                "psr/container-implementation": "^1.0"
            },
            "replace": {
                "orno/di": "~2.0"
            },
            "require-dev": {
                "nette/php-generator": "^3.4",
                "nikic/php-parser": "^4.10",
                "phpstan/phpstan": "^0.12.47",
                "phpunit/phpunit": "^8.5.17",
                "roave/security-advisories": "dev-latest",
                "scrutinizer/ocular": "^1.8",
                "squizlabs/php_codesniffer": "^3.6"
            },
            "type": "library",
            "extra": {
                "branch-alias": {
                    "dev-master": "4.x-dev",
                    "dev-4.x": "4.x-dev",
                    "dev-3.x": "3.x-dev",
                    "dev-2.x": "2.x-dev",
                    "dev-1.x": "1.x-dev"
                }
            },
            "autoload": {
                "psr-4": {
                    "League\\Container\\": "src"
                }
            },
            "notification-url": "https://packagist.org/downloads/",
            "license": [
                "MIT"
            ],
            "authors": [
                {
                    "name": "Phil Bennett",
                    "email": "mail@philbennett.co.uk",
                    "role": "Developer"
                }
            ],
            "description": "A fast and intuitive dependency injection container.",
            "homepage": "https://github.com/thephpleague/container",
            "keywords": [
                "container",
                "dependency",
                "di",
                "injection",
                "league",
                "provider",
                "service"
            ],
            "support": {
                "issues": "https://github.com/thephpleague/container/issues",
                "source": "https://github.com/thephpleague/container/tree/4.2.0"
            },
            "funding": [
                {
                    "url": "https://github.com/philipobenito",
                    "type": "github"
                }
            ],
            "time": "2021-11-16T10:29:06+00:00"
        },
        {
            "name": "nikic/php-parser",
            "version": "v4.13.2",
            "source": {
                "type": "git",
                "url": "https://github.com/nikic/PHP-Parser.git",
                "reference": "210577fe3cf7badcc5814d99455df46564f3c077"
            },
            "dist": {
                "type": "zip",
                "url": "https://api.github.com/repos/nikic/PHP-Parser/zipball/210577fe3cf7badcc5814d99455df46564f3c077",
                "reference": "210577fe3cf7badcc5814d99455df46564f3c077",
                "shasum": ""
            },
            "require": {
                "ext-tokenizer": "*",
                "php": ">=7.0"
            },
            "require-dev": {
                "ircmaxell/php-yacc": "^0.0.7",
                "phpunit/phpunit": "^6.5 || ^7.0 || ^8.0 || ^9.0"
            },
            "bin": [
                "bin/php-parse"
            ],
            "type": "library",
            "extra": {
                "branch-alias": {
                    "dev-master": "4.9-dev"
                }
            },
            "autoload": {
                "psr-4": {
                    "PhpParser\\": "lib/PhpParser"
                }
            },
            "notification-url": "https://packagist.org/downloads/",
            "license": [
                "BSD-3-Clause"
            ],
            "authors": [
                {
                    "name": "Nikita Popov"
                }
            ],
            "description": "A PHP parser written in PHP",
            "keywords": [
                "parser",
                "php"
            ],
            "support": {
                "issues": "https://github.com/nikic/PHP-Parser/issues",
                "source": "https://github.com/nikic/PHP-Parser/tree/v4.13.2"
            },
            "time": "2021-11-30T19:35:32+00:00"
        },
        {
            "name": "psr/cache",
            "version": "3.0.0",
            "source": {
                "type": "git",
                "url": "https://github.com/php-fig/cache.git",
                "reference": "aa5030cfa5405eccfdcb1083ce040c2cb8d253bf"
            },
            "dist": {
                "type": "zip",
                "url": "https://api.github.com/repos/php-fig/cache/zipball/aa5030cfa5405eccfdcb1083ce040c2cb8d253bf",
                "reference": "aa5030cfa5405eccfdcb1083ce040c2cb8d253bf",
                "shasum": ""
            },
            "require": {
                "php": ">=8.0.0"
            },
            "type": "library",
            "extra": {
                "branch-alias": {
                    "dev-master": "1.0.x-dev"
                }
            },
            "autoload": {
                "psr-4": {
                    "Psr\\Cache\\": "src/"
                }
            },
            "notification-url": "https://packagist.org/downloads/",
            "license": [
                "MIT"
            ],
            "authors": [
                {
                    "name": "PHP-FIG",
                    "homepage": "https://www.php-fig.org/"
                }
            ],
            "description": "Common interface for caching libraries",
            "keywords": [
                "cache",
                "psr",
                "psr-6"
            ],
            "support": {
                "source": "https://github.com/php-fig/cache/tree/3.0.0"
            },
            "time": "2021-02-03T23:26:27+00:00"
        },
        {
            "name": "psr/container",
            "version": "2.0.2",
            "source": {
                "type": "git",
                "url": "https://github.com/php-fig/container.git",
                "reference": "c71ecc56dfe541dbd90c5360474fbc405f8d5963"
            },
            "dist": {
                "type": "zip",
                "url": "https://api.github.com/repos/php-fig/container/zipball/c71ecc56dfe541dbd90c5360474fbc405f8d5963",
                "reference": "c71ecc56dfe541dbd90c5360474fbc405f8d5963",
                "shasum": ""
            },
            "require": {
                "php": ">=7.4.0"
            },
            "type": "library",
            "extra": {
                "branch-alias": {
                    "dev-master": "2.0.x-dev"
                }
            },
            "autoload": {
                "psr-4": {
                    "Psr\\Container\\": "src/"
                }
            },
            "notification-url": "https://packagist.org/downloads/",
            "license": [
                "MIT"
            ],
            "authors": [
                {
                    "name": "PHP-FIG",
                    "homepage": "https://www.php-fig.org/"
                }
            ],
            "description": "Common Container Interface (PHP FIG PSR-11)",
            "homepage": "https://github.com/php-fig/container",
            "keywords": [
                "PSR-11",
                "container",
                "container-interface",
                "container-interop",
                "psr"
            ],
            "support": {
                "issues": "https://github.com/php-fig/container/issues",
                "source": "https://github.com/php-fig/container/tree/2.0.2"
            },
            "time": "2021-11-05T16:47:00+00:00"
        },
        {
            "name": "ray/aop",
            "version": "2.12.0",
            "source": {
                "type": "git",
                "url": "https://github.com/ray-di/Ray.Aop.git",
                "reference": "f6076c0471581a4281226814986201b14859817f"
            },
            "dist": {
                "type": "zip",
                "url": "https://api.github.com/repos/ray-di/Ray.Aop/zipball/f6076c0471581a4281226814986201b14859817f",
                "reference": "f6076c0471581a4281226814986201b14859817f",
                "shasum": ""
            },
            "require": {
                "doctrine/annotations": "^1.12",
                "koriym/attributes": "^1.0.3",
                "nikic/php-parser": "^v4.12",
                "php": "^7.3 || ^8.0"
            },
            "require-dev": {
                "bamarni/composer-bin-plugin": "^1.4.1",
                "phpunit/phpunit": "^9.5.10"
            },
            "suggest": {
                "ray/di": "A dependency injection framework"
            },
            "type": "library",
            "autoload": {
                "psr-4": {
                    "Ray\\Aop\\": [
                        "src/"
                    ],
                    "Ray\\ServiceLocator\\": [
                        "sl-src/"
                    ]
                },
                "files": [
                    "annotation_loader.php"
                ]
            },
            "notification-url": "https://packagist.org/downloads/",
            "license": [
                "MIT"
            ],
            "authors": [
                {
                    "name": "Akihito Koriyama",
                    "email": "akihito.koriyama@gmail.com"
                }
            ],
            "description": "An aspect oriented framework",
            "keywords": [
                "aop"
            ],
            "support": {
                "issues": "https://github.com/ray-di/Ray.Aop/issues",
                "source": "https://github.com/ray-di/Ray.Aop/tree/2.12.0"
            },
            "funding": [
                {
                    "url": "https://github.com/koriym",
                    "type": "github"
                },
                {
                    "url": "https://tidelift.com/funding/github/packagist/ray/aop",
                    "type": "tidelift"
                }
            ],
            "time": "2022-01-28T08:56:47+00:00"
        },
        {
            "name": "ray/di",
            "version": "2.13.3",
            "source": {
                "type": "git",
                "url": "https://github.com/ray-di/Ray.Di.git",
                "reference": "aebdbdcb1f71f10bd30ba47e18d7b81029921ed1"
            },
            "dist": {
                "type": "zip",
                "url": "https://api.github.com/repos/ray-di/Ray.Di/zipball/aebdbdcb1f71f10bd30ba47e18d7b81029921ed1",
                "reference": "aebdbdcb1f71f10bd30ba47e18d7b81029921ed1",
                "shasum": ""
            },
            "require": {
                "doctrine/annotations": "^1.12",
                "doctrine/cache": "^1.10 | ^2.1",
                "koriym/attributes": "^1.0",
                "koriym/null-object": "^1.0",
                "koriym/printo": "^1.0",
                "nikic/php-parser": "^4.5",
                "php": "^7.2 || ^8.0",
                "ray/aop": "^2.10"
            },
            "require-dev": {
                "bamarni/composer-bin-plugin": "^1.4",
                "ext-pdo": "*",
                "phpunit/phpunit": "^9.5.10"
            },
            "type": "library",
            "autoload": {
                "psr-4": {
                    "Ray\\Di\\": [
                        "src/di",
                        "src-deprecated/di"
                    ],
                    "Ray\\Compiler\\": [
                        "src/compiler"
                    ]
                }
            },
            "notification-url": "https://packagist.org/downloads/",
            "license": [
                "MIT"
            ],
            "authors": [
                {
                    "name": "Akihito Koriyama",
                    "email": "akihito.koriyama@gmail.com"
                }
            ],
            "description": "Guice style annotation-driven dependency injection framework",
            "keywords": [
                "aop",
                "di"
            ],
            "support": {
                "issues": "https://github.com/ray-di/Ray.Di/issues",
                "source": "https://github.com/ray-di/Ray.Di/tree/2.13.3"
            },
            "time": "2022-02-08T14:24:31+00:00"
        }
    ],
    "packages-dev": [],
    "aliases": [],
    "minimum-stability": "stable",
    "stability-flags": [],
    "prefer-stable": false,
    "prefer-lowest": false,
    "platform": [],
    "platform-dev": [],
    "plugin-api-version": "2.2.0"
}
